
Microsoft Visual Studio Solution File, Format Version 10.00
# Visual Studio 2008
Project("{8BC9CEB8-8B4A-11D0-8D11-00A0C91BC942}") = "AiSvc", "AiSvc\AiSvc.vcproj", "{D153CBA4-8B41-4E15-919B-DCC92AC33D04}"
EndProject
Project("{8BC9CEB8-8B4A-11D0-8D11-00A0C91BC942}") = "AiSvcPS", "AiSvc\AiSvcPS.vcproj", "{1795BE16-8418-4D58-A429-605D856BDB08}"
	ProjectSection(ProjectDependencies) = postProject
		{D153CBA4-8B41-4E15-919B-DCC92AC33D04} = {D153CBA4-8B41-4E15-919B-DCC92AC33D04}
	EndProjectSection
EndProject
Project("{8BC9CEB8-8B4A-11D0-8D11-00A0C91BC942}") = "AiDll", "AiDll\AiDll.vcproj", "{23C63AE6-203D-4318-AAD9-846AE1E8B83C}"
EndProject
Project("{8BC9CEB8-8B4A-11D0-8D11-00A0C91BC942}") = "AiTestExe", "AiTestExe\AiTestExe.vcproj", "{E3204B62-59ED-4984-AE82-723BAC18E6DA}"
EndProject
Global
	GlobalSection(SolutionConfigurationPlatforms) = preSolution
		Debug|Win32 = Debug|Win32
		FR|Win32 = FR|Win32
		LVDUN_0000|Win32 = LVDUN_0000|Win32
		MYCALENDAR|Win32 = MYCALENDAR|Win32
		Release|Win32 = Release|Win32
		WE|Win32 = WE|Win32
	EndGlobalSection
	GlobalSection(ProjectConfigurationPlatforms) = postSolution
		{D153CBA4-8B41-4E15-919B-DCC92AC33D04}.Debug|Win32.ActiveCfg = Debug|Win32
		{D153CBA4-8B41-4E15-919B-DCC92AC33D04}.Debug|Win32.Build.0 = Debug|Win32
		{D153CBA4-8B41-4E15-919B-DCC92AC33D04}.FR|Win32.ActiveCfg = FR|Win32
		{D153CBA4-8B41-4E15-919B-DCC92AC33D04}.FR|Win32.Build.0 = FR|Win32
		{D153CBA4-8B41-4E15-919B-DCC92AC33D04}.LVDUN_0000|Win32.ActiveCfg = LVDUN_0000|Win32
		{D153CBA4-8B41-4E15-919B-DCC92AC33D04}.LVDUN_0000|Win32.Build.0 = LVDUN_0000|Win32
		{D153CBA4-8B41-4E15-919B-DCC92AC33D04}.MYCALENDAR|Win32.ActiveCfg = MYCALENDAR|Win32
		{D153CBA4-8B41-4E15-919B-DCC92AC33D04}.MYCALENDAR|Win32.Build.0 = MYCALENDAR|Win32
		{D153CBA4-8B41-4E15-919B-DCC92AC33D04}.Release|Win32.ActiveCfg = Release|Win32
		{D153CBA4-8B41-4E15-919B-DCC92AC33D04}.Release|Win32.Build.0 = Release|Win32
		{D153CBA4-8B41-4E15-919B-DCC92AC33D04}.WE|Win32.ActiveCfg = WE|Win32
		{D153CBA4-8B41-4E15-919B-DCC92AC33D04}.WE|Win32.Build.0 = WE|Win32
		{1795BE16-8418-4D58-A429-605D856BDB08}.Debug|Win32.ActiveCfg = Debug|Win32
		{1795BE16-8418-4D58-A429-605D856BDB08}.FR|Win32.ActiveCfg = FR|Win32
		{1795BE16-8418-4D58-A429-605D856BDB08}.LVDUN_0000|Win32.ActiveCfg = LVDUN_0000|Win32
		{1795BE16-8418-4D58-A429-605D856BDB08}.MYCALENDAR|Win32.ActiveCfg = MYCALENDAR|Win32
		{1795BE16-8418-4D58-A429-605D856BDB08}.Release|Win32.ActiveCfg = Release|Win32
		{1795BE16-8418-4D58-A429-605D856BDB08}.WE|Win32.ActiveCfg = WE|Win32
		{23C63AE6-203D-4318-AAD9-846AE1E8B83C}.Debug|Win32.ActiveCfg = Debug|Win32
		{23C63AE6-203D-4318-AAD9-846AE1E8B83C}.Debug|Win32.Build.0 = Debug|Win32
		{23C63AE6-203D-4318-AAD9-846AE1E8B83C}.FR|Win32.ActiveCfg = FR|Win32
		{23C63AE6-203D-4318-AAD9-846AE1E8B83C}.FR|Win32.Build.0 = FR|Win32
		{23C63AE6-203D-4318-AAD9-846AE1E8B83C}.LVDUN_0000|Win32.ActiveCfg = LVDUN_0000|Win32
		{23C63AE6-203D-4318-AAD9-846AE1E8B83C}.LVDUN_0000|Win32.Build.0 = LVDUN_0000|Win32
		{23C63AE6-203D-4318-AAD9-846AE1E8B83C}.MYCALENDAR|Win32.ActiveCfg = MYCALENDAR|Win32
		{23C63AE6-203D-4318-AAD9-846AE1E8B83C}.MYCALENDAR|Win32.Build.0 = MYCALENDAR|Win32
		{23C63AE6-203D-4318-AAD9-846AE1E8B83C}.Release|Win32.ActiveCfg = Release|Win32
		{23C63AE6-203D-4318-AAD9-846AE1E8B83C}.Release|Win32.Build.0 = Release|Win32
		{23C63AE6-203D-4318-AAD9-846AE1E8B83C}.WE|Win32.ActiveCfg = WE|Win32
		{23C63AE6-203D-4318-AAD9-846AE1E8B83C}.WE|Win32.Build.0 = WE|Win32
		{E3204B62-59ED-4984-AE82-723BAC18E6DA}.Debug|Win32.ActiveCfg = Debug|Win32
		{E3204B62-59ED-4984-AE82-723BAC18E6DA}.Debug|Win32.Build.0 = Debug|Win32
		{E3204B62-59ED-4984-AE82-723BAC18E6DA}.FR|Win32.ActiveCfg = FR|Win32
		{E3204B62-59ED-4984-AE82-723BAC18E6DA}.FR|Win32.Build.0 = FR|Win32
		{E3204B62-59ED-4984-AE82-723BAC18E6DA}.LVDUN_0000|Win32.ActiveCfg = LVDUN_0000|Win32
		{E3204B62-59ED-4984-AE82-723BAC18E6DA}.LVDUN_0000|Win32.Build.0 = LVDUN_0000|Win32
		{E3204B62-59ED-4984-AE82-723BAC18E6DA}.MYCALENDAR|Win32.ActiveCfg = MYCALENDAR|Win32
		{E3204B62-59ED-4984-AE82-723BAC18E6DA}.MYCALENDAR|Win32.Build.0 = MYCALENDAR|Win32
		{E3204B62-59ED-4984-AE82-723BAC18E6DA}.Release|Win32.ActiveCfg = Release|Win32
		{E3204B62-59ED-4984-AE82-723BAC18E6DA}.Release|Win32.Build.0 = Release|Win32
		{E3204B62-59ED-4984-AE82-723BAC18E6DA}.WE|Win32.ActiveCfg = WE|Win32
		{E3204B62-59ED-4984-AE82-723BAC18E6DA}.WE|Win32.Build.0 = WE|Win32
	EndGlobalSection
	GlobalSection(SolutionProperties) = preSolution
		HideSolutionNode = FALSE
	EndGlobalSection
EndGlobal
