
Microsoft Visual Studio Solution File, Format Version 10.00
# Visual Studio 2008
Project("{8BC9CEB8-8B4A-11D0-8D11-00A0C91BC942}") = "DIDA", "DIDA\DIDA.vcproj", "{18448E98-2D84-4BC8-B282-47DD88AA5B76}"
EndProject
Project("{8BC9CEB8-8B4A-11D0-8D11-00A0C91BC942}") = "DDKernel", "DDKernel\DDKernel.vcproj", "{C9105AF3-E860-4794-BD07-A53EDBB1E36C}"
EndProject
Project("{8BC9CEB8-8B4A-11D0-8D11-00A0C91BC942}") = "DiDaCalendar", "DiDaCalendar\DiDaCalendar.vcproj", "{11A9C882-87BD-4C0D-905A-9256D779671C}"
EndProject
Project("{8BC9CEB8-8B4A-11D0-8D11-00A0C91BC942}") = "DIDASetUpHelper", "DIDASetUpHelper\DIDASetUpHelper.vcproj", "{065B86A4-3F01-4C50-BAB6-4A1D8ECA325E}"
EndProject
Project("{8BC9CEB8-8B4A-11D0-8D11-00A0C91BC942}") = "DIDALuaAgent", "DIDALuaAgent\DIDALuaAgent.vcproj", "{4E59EFBC-46DD-426C-8100-5C57FBD2DB8E}"
EndProject
Project("{8BC9CEB8-8B4A-11D0-8D11-00A0C91BC942}") = "ddnotepad", "ddnotepad\ddnotepad.vcproj", "{59EAE79F-C98E-4AF5-AC0D-FC9FE99F0223}"
EndProject
Project("{8BC9CEB8-8B4A-11D0-8D11-00A0C91BC942}") = "ddnpkernel", "ddnpkernel\ddnpkernel.vcproj", "{9E4EF51F-1CA7-46FE-9E42-6A1352688EC8}"
EndProject
Project("{8BC9CEB8-8B4A-11D0-8D11-00A0C91BC942}") = "ddlaunch", "ddlaunch\ddlaunch.vcproj", "{1C5D3D5D-5E05-436A-818C-FAB6E9F2E748}"
EndProject
Global
	GlobalSection(SolutionConfigurationPlatforms) = preSolution
		Debug|Win32 = Debug|Win32
		Debug|x64 = Debug|x64
		Release|Win32 = Release|Win32
		Release|x64 = Release|x64
	EndGlobalSection
	GlobalSection(ProjectConfigurationPlatforms) = postSolution
		{18448E98-2D84-4BC8-B282-47DD88AA5B76}.Debug|Win32.ActiveCfg = Debug|Win32
		{18448E98-2D84-4BC8-B282-47DD88AA5B76}.Debug|Win32.Build.0 = Debug|Win32
		{18448E98-2D84-4BC8-B282-47DD88AA5B76}.Debug|x64.ActiveCfg = Debug|x64
		{18448E98-2D84-4BC8-B282-47DD88AA5B76}.Release|Win32.ActiveCfg = Release|Win32
		{18448E98-2D84-4BC8-B282-47DD88AA5B76}.Release|Win32.Build.0 = Release|Win32
		{18448E98-2D84-4BC8-B282-47DD88AA5B76}.Release|x64.ActiveCfg = Release|x64
		{C9105AF3-E860-4794-BD07-A53EDBB1E36C}.Debug|Win32.ActiveCfg = Debug|Win32
		{C9105AF3-E860-4794-BD07-A53EDBB1E36C}.Debug|Win32.Build.0 = Debug|Win32
		{C9105AF3-E860-4794-BD07-A53EDBB1E36C}.Debug|x64.ActiveCfg = Debug|x64
		{C9105AF3-E860-4794-BD07-A53EDBB1E36C}.Release|Win32.ActiveCfg = Release|Win32
		{C9105AF3-E860-4794-BD07-A53EDBB1E36C}.Release|Win32.Build.0 = Release|Win32
		{C9105AF3-E860-4794-BD07-A53EDBB1E36C}.Release|x64.ActiveCfg = Release|x64
		{11A9C882-87BD-4C0D-905A-9256D779671C}.Debug|Win32.ActiveCfg = Debug|Win32
		{11A9C882-87BD-4C0D-905A-9256D779671C}.Debug|Win32.Build.0 = Debug|Win32
		{11A9C882-87BD-4C0D-905A-9256D779671C}.Debug|x64.ActiveCfg = Debug|x64
		{11A9C882-87BD-4C0D-905A-9256D779671C}.Debug|x64.Build.0 = Debug|x64
		{11A9C882-87BD-4C0D-905A-9256D779671C}.Release|Win32.ActiveCfg = Release|Win32
		{11A9C882-87BD-4C0D-905A-9256D779671C}.Release|Win32.Build.0 = Release|Win32
		{11A9C882-87BD-4C0D-905A-9256D779671C}.Release|x64.ActiveCfg = Release|x64
		{11A9C882-87BD-4C0D-905A-9256D779671C}.Release|x64.Build.0 = Release|x64
		{065B86A4-3F01-4C50-BAB6-4A1D8ECA325E}.Debug|Win32.ActiveCfg = Debug|Win32
		{065B86A4-3F01-4C50-BAB6-4A1D8ECA325E}.Debug|Win32.Build.0 = Debug|Win32
		{065B86A4-3F01-4C50-BAB6-4A1D8ECA325E}.Debug|x64.ActiveCfg = Debug|Win32
		{065B86A4-3F01-4C50-BAB6-4A1D8ECA325E}.Release|Win32.ActiveCfg = Release|Win32
		{065B86A4-3F01-4C50-BAB6-4A1D8ECA325E}.Release|Win32.Build.0 = Release|Win32
		{065B86A4-3F01-4C50-BAB6-4A1D8ECA325E}.Release|x64.ActiveCfg = Release|Win32
		{4E59EFBC-46DD-426C-8100-5C57FBD2DB8E}.Debug|Win32.ActiveCfg = Debug|Win32
		{4E59EFBC-46DD-426C-8100-5C57FBD2DB8E}.Debug|x64.ActiveCfg = Debug|Win32
		{4E59EFBC-46DD-426C-8100-5C57FBD2DB8E}.Release|Win32.ActiveCfg = Release|Win32
		{4E59EFBC-46DD-426C-8100-5C57FBD2DB8E}.Release|x64.ActiveCfg = Release|Win32
		{59EAE79F-C98E-4AF5-AC0D-FC9FE99F0223}.Debug|Win32.ActiveCfg = Debug|Win32
		{59EAE79F-C98E-4AF5-AC0D-FC9FE99F0223}.Debug|x64.ActiveCfg = Debug|Win32
		{59EAE79F-C98E-4AF5-AC0D-FC9FE99F0223}.Release|Win32.ActiveCfg = Release|Win32
		{59EAE79F-C98E-4AF5-AC0D-FC9FE99F0223}.Release|x64.ActiveCfg = Release|Win32
		{9E4EF51F-1CA7-46FE-9E42-6A1352688EC8}.Debug|Win32.ActiveCfg = Debug|Win32
		{9E4EF51F-1CA7-46FE-9E42-6A1352688EC8}.Debug|x64.ActiveCfg = Debug|Win32
		{9E4EF51F-1CA7-46FE-9E42-6A1352688EC8}.Release|Win32.ActiveCfg = Release|Win32
		{9E4EF51F-1CA7-46FE-9E42-6A1352688EC8}.Release|x64.ActiveCfg = Release|Win32
		{1C5D3D5D-5E05-436A-818C-FAB6E9F2E748}.Debug|Win32.ActiveCfg = Debug|Win32
		{1C5D3D5D-5E05-436A-818C-FAB6E9F2E748}.Debug|Win32.Build.0 = Debug|Win32
		{1C5D3D5D-5E05-436A-818C-FAB6E9F2E748}.Debug|x64.ActiveCfg = Debug|Win32
		{1C5D3D5D-5E05-436A-818C-FAB6E9F2E748}.Release|Win32.ActiveCfg = Release|Win32
		{1C5D3D5D-5E05-436A-818C-FAB6E9F2E748}.Release|Win32.Build.0 = Release|Win32
		{1C5D3D5D-5E05-436A-818C-FAB6E9F2E748}.Release|x64.ActiveCfg = Release|Win32
	EndGlobalSection
	GlobalSection(SolutionProperties) = preSolution
		HideSolutionNode = FALSE
	EndGlobalSection
EndGlobal
